
Microsoft Visual Studio Solution File, Format Version 12.00
# Visual Studio Version 17
VisualStudioVersion = 17.4.33213.308
MinimumVisualStudioVersion = 10.0.40219.1
Project("{8BC9CEB8-8B4A-11D0-8D11-00A0C91BC942}") = "lab_2_task_1", "lab_2_task_1\lab_2_task_1.vcxproj", "{8D16F042-F8CF-4F65-9F35-39C195D9F327}"
EndProject
Global
	GlobalSection(SolutionConfigurationPlatforms) = preSolution
		Debug|x64 = Debug|x64
		Debug|x86 = Debug|x86
		Release|x64 = Release|x64
		Release|x86 = Release|x86
	EndGlobalSection
	GlobalSection(ProjectConfigurationPlatforms) = postSolution
		{8D16F042-F8CF-4F65-9F35-39C195D9F327}.Debug|x64.ActiveCfg = Debug|x64
		{8D16F042-F8CF-4F65-9F35-39C195D9F327}.Debug|x64.Build.0 = Debug|x64
		{8D16F042-F8CF-4F65-9F35-39C195D9F327}.Debug|x86.ActiveCfg = Debug|Win32
		{8D16F042-F8CF-4F65-9F35-39C195D9F327}.Debug|x86.Build.0 = Debug|Win32
		{8D16F042-F8CF-4F65-9F35-39C195D9F327}.Release|x64.ActiveCfg = Release|x64
		{8D16F042-F8CF-4F65-9F35-39C195D9F327}.Release|x64.Build.0 = Release|x64
		{8D16F042-F8CF-4F65-9F35-39C195D9F327}.Release|x86.ActiveCfg = Release|Win32
		{8D16F042-F8CF-4F65-9F35-39C195D9F327}.Release|x86.Build.0 = Release|Win32
	EndGlobalSection
	GlobalSection(SolutionProperties) = preSolution
		HideSolutionNode = FALSE
	EndGlobalSection
	GlobalSection(ExtensibilityGlobals) = postSolution
		SolutionGuid = {9652FFDA-A62E-4DBE-B612-388670675A87}
	EndGlobalSection
EndGlobal
