
Microsoft Visual Studio Solution File, Format Version 12.00
# Visual Studio Version 17
VisualStudioVersion = 17.4.33213.308
MinimumVisualStudioVersion = 10.0.40219.1
Project("{8BC9CEB8-8B4A-11D0-8D11-00A0C91BC942}") = "laba_6_task_1", "laba_6_task_1\laba_6_task_1.vcxproj", "{597B29F1-DDA1-41B8-9B87-8F0AC816B658}"
EndProject
Global
	GlobalSection(SolutionConfigurationPlatforms) = preSolution
		Debug|x64 = Debug|x64
		Debug|x86 = Debug|x86
		Release|x64 = Release|x64
		Release|x86 = Release|x86
	EndGlobalSection
	GlobalSection(ProjectConfigurationPlatforms) = postSolution
		{597B29F1-DDA1-41B8-9B87-8F0AC816B658}.Debug|x64.ActiveCfg = Debug|x64
		{597B29F1-DDA1-41B8-9B87-8F0AC816B658}.Debug|x64.Build.0 = Debug|x64
		{597B29F1-DDA1-41B8-9B87-8F0AC816B658}.Debug|x86.ActiveCfg = Debug|Win32
		{597B29F1-DDA1-41B8-9B87-8F0AC816B658}.Debug|x86.Build.0 = Debug|Win32
		{597B29F1-DDA1-41B8-9B87-8F0AC816B658}.Release|x64.ActiveCfg = Release|x64
		{597B29F1-DDA1-41B8-9B87-8F0AC816B658}.Release|x64.Build.0 = Release|x64
		{597B29F1-DDA1-41B8-9B87-8F0AC816B658}.Release|x86.ActiveCfg = Release|Win32
		{597B29F1-DDA1-41B8-9B87-8F0AC816B658}.Release|x86.Build.0 = Release|Win32
	EndGlobalSection
	GlobalSection(SolutionProperties) = preSolution
		HideSolutionNode = FALSE
	EndGlobalSection
	GlobalSection(ExtensibilityGlobals) = postSolution
		SolutionGuid = {62E39A2D-2F93-4E52-B9A5-15A5F644D23B}
	EndGlobalSection
EndGlobal
